
Microsoft Visual Studio Solution File, Format Version 12.00
# Visual Studio Version 17
VisualStudioVersion = 17.7.34221.43
MinimumVisualStudioVersion = 10.0.40219.1
Project("{FAE04EC0-301F-11D3-BF4B-00C04F79EFBC}") = "MVCProject", "MVCProject\MVCProject.csproj", "{02AF3E2C-E04E-4059-959C-4C656434E9B0}"
EndProject
Global
	GlobalSection(SolutionConfigurationPlatforms) = preSolution
		Debug|Any CPU = Debug|Any CPU
		Release|Any CPU = Release|Any CPU
	EndGlobalSection
	GlobalSection(ProjectConfigurationPlatforms) = postSolution
		{02AF3E2C-E04E-4059-959C-4C656434E9B0}.Debug|Any CPU.ActiveCfg = Debug|Any CPU
		{02AF3E2C-E04E-4059-959C-4C656434E9B0}.Debug|Any CPU.Build.0 = Debug|Any CPU
		{02AF3E2C-E04E-4059-959C-4C656434E9B0}.Release|Any CPU.ActiveCfg = Release|Any CPU
		{02AF3E2C-E04E-4059-959C-4C656434E9B0}.Release|Any CPU.Build.0 = Release|Any CPU
	EndGlobalSection
	GlobalSection(SolutionProperties) = preSolution
		HideSolutionNode = FALSE
	EndGlobalSection
	GlobalSection(ExtensibilityGlobals) = postSolution
		SolutionGuid = {195EF159-9A6F-49AD-A927-270397980705}
	EndGlobalSection
EndGlobal
